
Microsoft Visual Studio Solution File, Format Version 12.00
# Visual Studio Version 17
VisualStudioVersion = 17.6.33801.468
MinimumVisualStudioVersion = 10.0.40219.1
Project("{FAE04EC0-301F-11D3-BF4B-00C04F79EFBC}") = "WordConverter", "WordConverter\WordConverter.csproj", "{B817E39F-3544-4D93-8F11-E46D04559D03}"
EndProject
Global
	GlobalSection(SolutionConfigurationPlatforms) = preSolution
		Debug|Any CPU = Debug|Any CPU
		Release|Any CPU = Release|Any CPU
	EndGlobalSection
	GlobalSection(ProjectConfigurationPlatforms) = postSolution
		{B817E39F-3544-4D93-8F11-E46D04559D03}.Debug|Any CPU.ActiveCfg = Debug|Any CPU
		{B817E39F-3544-4D93-8F11-E46D04559D03}.Debug|Any CPU.Build.0 = Debug|Any CPU
		{B817E39F-3544-4D93-8F11-E46D04559D03}.Release|Any CPU.ActiveCfg = Release|Any CPU
		{B817E39F-3544-4D93-8F11-E46D04559D03}.Release|Any CPU.Build.0 = Release|Any CPU
	EndGlobalSection
	GlobalSection(SolutionProperties) = preSolution
		HideSolutionNode = FALSE
	EndGlobalSection
	GlobalSection(ExtensibilityGlobals) = postSolution
		SolutionGuid = {79B6EF3F-CE75-4B86-8D0C-415AA0745B05}
	EndGlobalSection
EndGlobal
